{
    "_meta": {
        "hash": {
            "sha256": "4f6d330fa69541fe3c5bc3ac7f3402844d984f08a9e32d9853d5246962e6754d"
        },
        "pipfile-spec": 6,
        "requires": {
            "python_version": "2.7"
        },
        "sources": [
            {
                "name": "pypi",
                "url": "https://pypi.org/simple",
                "verify_ssl": true
            }
        ]
    },
    "default": {
        "ply": {
            "hashes": [
                "sha256:00c7c1aaa88358b9c765b6d3000c6eec0ba42abca5351b095321aef446081da3",
                "sha256:096f9b8350b65ebd2fd1346b12452efe5b9607f7482813ffca50c22722a807ce"
            ],
            "version": "==3.11"
        },
        "pyasn1": {
            "hashes": [
                "sha256:b9d3abc5031e61927c82d4d96c1cec1e55676c1a991623cfed28faea73cdd7ca",
                "sha256:f58f2a3d12fd754aa123e9fa74fb7345333000a035f3921dbdaa08597aa53137"
            ],
            "version": "==0.4.4"
        },
        "pycryptodomex": {
            "hashes": [
                "sha256:0cf562fc5e5ddbe935bb6162d84a7e46e19edba8ac6609587ab9e78dc7c527d4",
                "sha256:13b77b7a177a2fd0beb42db84b21d7d4ab646dfd223989a3b5fa6a6901075ae8",
                "sha256:1baf0d485853cfa8f87c969148dc040ae81a8de3dcaaeb07b3f40a90ab2ac637",
                "sha256:1dac67655206c92eabf827cc3c9f9efd35d699057f12185f01245b22e02db5f8",
                "sha256:1dc3abcb853e8b2188d0c8d624dbdc575a1f23ae82feb9a99e4a69b7064df81a",
                "sha256:24bf22fffba3a7c1132a039d95256ca9e5016798111c7bf7d0091bfddb0e0245",
                "sha256:26fde532deaed9781643be654b25fc899b97866b68e50bc015aadd442387c42b",
                "sha256:2958eceb671795ec4e5f2164e4ec5ddc1788fdf4f72b18390f548de5e11c9dcc",
                "sha256:34b3218fcdcd59c26de75c4ff8a15e6472e7b88f9e5b3b193cb1c001e7a0e815",
                "sha256:3f4d96cfa963960d190d3d6ef5e8f7c2c14815ff816999dff5efaa6bf7cd1134",
                "sha256:40063250911af6ec5b3ccc80108e7a3be9d1695dd3d17104a1930861cbdb78b7",
                "sha256:4b8669f4b3fa386696b9b0366e69898dd626b119eaead50ee3b2c59c56222272",
                "sha256:5144ad0df1009cce6d03b71c2e5843ed96be91ab746e58e8e64ef9bca5209bfe",
                "sha256:549d0a0884e60d876b975e18e791cf2aece077cb174f0d7d042982b5d36a6279",
                "sha256:5b365bc3da05fbc15acd6600d41f84fe8ed903400566bc0d1a0fadc862b41c8e",
                "sha256:6ab64112924be1905a22656166ec0eeeba275fb15c15adba6470bd030362e160",
                "sha256:a06e0e0965145cc0d625e1a031b49705aa2c6b4e16aa0044d4719fb1d639977f",
                "sha256:a472d2271cfb37940ad80c4698affeaf39552e4c19ceeac4d5290fe71519e3f4",
                "sha256:bfc315eef8cdae280e404df64cf71f8673abcc81e646699b15722f41b82a4ed7",
                "sha256:c1d4ea2382c1726ff65548f41dc79bd9d0345f3a47ba128768242eea470c6515",
                "sha256:c54d3d2e3b099dae61124d7476311ab594df7eeec305f612a5eb79226cf36b53",
                "sha256:d0d448484e161786922b41e112b5d7cf76ef5f0c725ea5107ef866bb14a38b12",
                "sha256:ddf10a2a071ae749158d8fdad0cbc78f6197219721afa91e0752dd999fddf422",
                "sha256:e0cc6ec20e6dfce1a6715ce60d71df3e9491461d525980821f71223026950b0e",
                "sha256:e5fcb23f936912b6cfb475c7b115aa2e31b7fed409bc947c6190503d9f7d0338",
                "sha256:e76d0148ffa5b86f1bcb111bd3950bc61fd50bed8b6b1cf9f5e56784378b55b6",
                "sha256:ea09a059e4cf3d99a446f0a80ac9be54802542226cdbf8ffeea79a6ddc77f310",
                "sha256:f5844faf085ad3d92fb94d07347c69f193c0bd1f32843329c2a422addeb042c9",
                "sha256:f8478a443bb747c2ef1d508a09eeb57ff8c2ebbd8ea0e6e2351d483c23e725b3",
                "sha256:ff31cb6cd69c6683bd44e99bc4f36cb74a338cee58a3a9c5c19a8ee4bdd2f3b2"
            ],
            "version": "==3.6.6"
        },
        "pysmi": {
            "hashes": [
                "sha256:966d5c1bd47604cf2d4216e1ab70ac36bae1f34fac2eebb2381c9174ebaf07e5",
                "sha256:b1746f559b0d3dbaa6b7993936f215617271efde022dc3eb3166fd62380d8887"
            ],
            "index": "pypi",
            "version": "==0.3.1"
        },
        "pysnmp": {
            "hashes": [
                "sha256:53b8e98527f84d1efff61879d061a30035ea5846a9d416cb356e79820f0323ed",
                "sha256:e34ffa0dce5f69adabd478ff76c3e1b08e32ebb0767df8b178d0704f4a1ac406"
            ],
            "index": "pypi",
            "version": "==4.4.6"
        }
    },
    "develop": {}
}
